
Microsoft Visual Studio Solution File, Format Version 12.00
# Visual Studio Version 16
VisualStudioVersion = 16.0.30002.166
MinimumVisualStudioVersion = 10.0.40219.1
Project("{E24C65DC-7377-472B-9ABA-BC803B73C61A}") = "EmployeeManagementFrontend(1)", ".", "{E233243F-20B7-4263-8CCC-A5C13D4FE874}"
	ProjectSection(WebsiteProperties) = preProject
		TargetFrameworkMoniker = ".NETFramework,Version%3Dv4.0"
		Debug.AspNetCompiler.VirtualPath = "/localhost_63917"
		Debug.AspNetCompiler.PhysicalPath = "..\EmployeeManagementFrontend\"
		Debug.AspNetCompiler.TargetPath = "PrecompiledWeb\localhost_63917\"
		Debug.AspNetCompiler.Updateable = "true"
		Debug.AspNetCompiler.ForceOverwrite = "true"
		Debug.AspNetCompiler.FixedNames = "false"
		Debug.AspNetCompiler.Debug = "True"
		Release.AspNetCompiler.VirtualPath = "/localhost_63917"
		Release.AspNetCompiler.PhysicalPath = "..\EmployeeManagementFrontend\"
		Release.AspNetCompiler.TargetPath = "PrecompiledWeb\localhost_63917\"
		Release.AspNetCompiler.Updateable = "true"
		Release.AspNetCompiler.ForceOverwrite = "true"
		Release.AspNetCompiler.FixedNames = "false"
		Release.AspNetCompiler.Debug = "False"
		VWDPort = "63917"
		SlnRelativePath = "..\EmployeeManagementFrontend\"
	EndProjectSection
EndProject
Global
	GlobalSection(SolutionConfigurationPlatforms) = preSolution
		Debug|Any CPU = Debug|Any CPU
	EndGlobalSection
	GlobalSection(ProjectConfigurationPlatforms) = postSolution
		{E233243F-20B7-4263-8CCC-A5C13D4FE874}.Debug|Any CPU.ActiveCfg = Debug|Any CPU
		{E233243F-20B7-4263-8CCC-A5C13D4FE874}.Debug|Any CPU.Build.0 = Debug|Any CPU
	EndGlobalSection
	GlobalSection(SolutionProperties) = preSolution
		HideSolutionNode = FALSE
	EndGlobalSection
	GlobalSection(ExtensibilityGlobals) = postSolution
		SolutionGuid = {F7FDA8D9-6042-4426-88F5-285887AD9D50}
	EndGlobalSection
EndGlobal
